// !$*UTF8*$!
{
	archiveVersion = 1;
	classes = {
	};
	objectVersion = 77;
	objects = {

/* Begin PBXContainerItemProxy section */
		AF66130B2D5DA94E00173F0A /* PBXContainerItemProxy */ = {
			isa = PBXContainerItemProxy;
			containerPortal = AF6612EC2D5DA94C00173F0A /* Project object */;
			proxyType = 1;
			remoteGlobalIDString = AF6612F32D5DA94C00173F0A;
			remoteInfo = "ttb-Interview";
		};
		AF6613152D5DA94E00173F0A /* PBXContainerItemProxy */ = {
			isa = PBXContainerItemProxy;
			containerPortal = AF6612EC2D5DA94C00173F0A /* Project object */;
			proxyType = 1;
			remoteGlobalIDString = AF6612F32D5DA94C00173F0A;
			remoteInfo = "ttb-Interview";
		};
/* End PBXContainerItemProxy section */

/* Begin PBXFileReference section */
		AF6612F42D5DA94C00173F0A /* ttb-Interview.app */ = {isa = PBXFileReference; explicitFileType = wrapper.application; includeInIndex = 0; path = "ttb-Interview.app"; sourceTree = BUILT_PRODUCTS_DIR; };
		AF66130A2D5DA94E00173F0A /* ttb-InterviewTests.xctest */ = {isa = PBXFileReference; explicitFileType = wrapper.cfbundle; includeInIndex = 0; path = "ttb-InterviewTests.xctest"; sourceTree = BUILT_PRODUCTS_DIR; };
		AF6613142D5DA94E00173F0A /* ttb-InterviewUITests.xctest */ = {isa = PBXFileReference; explicitFileType = wrapper.cfbundle; includeInIndex = 0; path = "ttb-InterviewUITests.xctest"; sourceTree = BUILT_PRODUCTS_DIR; };
/* End PBXFileReference section */

/* Begin PBXFileSystemSynchronizedBuildFileExceptionSet section */
		AF66131C2D5DA94E00173F0A /* Exceptions for "ttb-Interview" folder in "ttb-Interview" target */ = {
			isa = PBXFileSystemSynchronizedBuildFileExceptionSet;
			membershipExceptions = (
				Info.plist,
			);
			target = AF6612F32D5DA94C00173F0A /* ttb-Interview */;
		};
/* End PBXFileSystemSynchronizedBuildFileExceptionSet section */

/* Begin PBXFileSystemSynchronizedRootGroup section */
		AF6612F62D5DA94C00173F0A /* ttb-Interview */ = {
			isa = PBXFileSystemSynchronizedRootGroup;
			exceptions = (
				AF66131C2D5DA94E00173F0A /* Exceptions for "ttb-Interview" folder in "ttb-Interview" target */,
			);
			path = "ttb-Interview";
			sourceTree = "<group>";
		};
		AF66130D2D5DA94E00173F0A /* ttb-InterviewTests */ = {
			isa = PBXFileSystemSynchronizedRootGroup;
			path = "ttb-InterviewTests";
			sourceTree = "<group>";
		};
		AF6613172D5DA94E00173F0A /* ttb-InterviewUITests */ = {
			isa = PBXFileSystemSynchronizedRootGroup;
			path = "ttb-InterviewUITests";
			sourceTree = "<group>";
		};
/* End PBXFileSystemSynchronizedRootGroup section */

/* Begin PBXFrameworksBuildPhase section */
		AF6612F12D5DA94C00173F0A /* Frameworks */ = {
			isa = PBXFrameworksBuildPhase;
			buildActionMask = 2147483647;
			files = (
			);
			runOnlyForDeploymentPostprocessing = 0;
		};
		AF6613072D5DA94E00173F0A /* Frameworks */ = {
			isa = PBXFrameworksBuildPhase;
			buildActionMask = 2147483647;
			files = (
			);
			runOnlyForDeploymentPostprocessing = 0;
		};
		AF6613112D5DA94E00173F0A /* Frameworks */ = {
			isa = PBXFrameworksBuildPhase;
			buildActionMask = 2147483647;
			files = (
			);
			runOnlyForDeploymentPostprocessing = 0;
		};
/* End PBXFrameworksBuildPhase section */

/* Begin PBXGroup section */
		AF6612EB2D5DA94C00173F0A = {
			isa = PBXGroup;
			children = (
				AF6612F62D5DA94C00173F0A /* ttb-Interview */,
				AF66130D2D5DA94E00173F0A /* ttb-InterviewTests */,
				AF6613172D5DA94E00173F0A /* ttb-InterviewUITests */,
				AF6612F52D5DA94C00173F0A /* Products */,
			);
			sourceTree = "<group>";
		};
		AF6612F52D5DA94C00173F0A /* Products */ = {
			isa = PBXGroup;
			children = (
				AF6612F42D5DA94C00173F0A /* ttb-Interview.app */,
				AF66130A2D5DA94E00173F0A /* ttb-InterviewTests.xctest */,
				AF6613142D5DA94E00173F0A /* ttb-InterviewUITests.xctest */,
			);
			name = Products;
			sourceTree = "<group>";
		};
/* End PBXGroup section */

/* Begin PBXNativeTarget section */
		AF6612F32D5DA94C00173F0A /* ttb-Interview */ = {
			isa = PBXNativeTarget;
			buildConfigurationList = AF66131D2D5DA94E00173F0A /* Build configuration list for PBXNativeTarget "ttb-Interview" */;
			buildPhases = (
				AF6612F02D5DA94C00173F0A /* Sources */,
				AF6612F12D5DA94C00173F0A /* Frameworks */,
				AF6612F22D5DA94C00173F0A /* Resources */,
			);
			buildRules = (
			);
			dependencies = (
			);
			fileSystemSynchronizedGroups = (
				AF6612F62D5DA94C00173F0A /* ttb-Interview */,
			);
			name = "ttb-Interview";
			packageProductDependencies = (
			);
			productName = "ttb-Interview";
			productReference = AF6612F42D5DA94C00173F0A /* ttb-Interview.app */;
			productType = "com.apple.product-type.application";
		};
		AF6613092D5DA94E00173F0A /* ttb-InterviewTests */ = {
			isa = PBXNativeTarget;
			buildConfigurationList = AF6613222D5DA94E00173F0A /* Build configuration list for PBXNativeTarget "ttb-InterviewTests" */;
			buildPhases = (
				AF6613062D5DA94E00173F0A /* Sources */,
				AF6613072D5DA94E00173F0A /* Frameworks */,
				AF6613082D5DA94E00173F0A /* Resources */,
			);
			buildRules = (
			);
			dependencies = (
				AF66130C2D5DA94E00173F0A /* PBXTargetDependency */,
			);
			fileSystemSynchronizedGroups = (
				AF66130D2D5DA94E00173F0A /* ttb-InterviewTests */,
			);
			name = "ttb-InterviewTests";
			packageProductDependencies = (
			);
			productName = "ttb-InterviewTests";
			productReference = AF66130A2D5DA94E00173F0A /* ttb-InterviewTests.xctest */;
			productType = "com.apple.product-type.bundle.unit-test";
		};
		AF6613132D5DA94E00173F0A /* ttb-InterviewUITests */ = {
			isa = PBXNativeTarget;
			buildConfigurationList = AF6613252D5DA94E00173F0A /* Build configuration list for PBXNativeTarget "ttb-InterviewUITests" */;
			buildPhases = (
				AF6613102D5DA94E00173F0A /* Sources */,
				AF6613112D5DA94E00173F0A /* Frameworks */,
				AF6613122D5DA94E00173F0A /* Resources */,
			);
			buildRules = (
			);
			dependencies = (
				AF6613162D5DA94E00173F0A /* PBXTargetDependency */,
			);
			fileSystemSynchronizedGroups = (
				AF6613172D5DA94E00173F0A /* ttb-InterviewUITests */,
			);
			name = "ttb-InterviewUITests";
			packageProductDependencies = (
			);
			productName = "ttb-InterviewUITests";
			productReference = AF6613142D5DA94E00173F0A /* ttb-InterviewUITests.xctest */;
			productType = "com.apple.product-type.bundle.ui-testing";
		};
/* End PBXNativeTarget section */

/* Begin PBXProject section */
		AF6612EC2D5DA94C00173F0A /* Project object */ = {
			isa = PBXProject;
			attributes = {
				BuildIndependentTargetsInParallel = 1;
				LastSwiftUpdateCheck = 1620;
				LastUpgradeCheck = 1620;
				TargetAttributes = {
					AF6612F32D5DA94C00173F0A = {
						CreatedOnToolsVersion = 16.2;
					};
					AF6613092D5DA94E00173F0A = {
						CreatedOnToolsVersion = 16.2;
						TestTargetID = AF6612F32D5DA94C00173F0A;
					};
					AF6613132D5DA94E00173F0A = {
						CreatedOnToolsVersion = 16.2;
						TestTargetID = AF6612F32D5DA94C00173F0A;
					};
				};
			};
			buildConfigurationList = AF6612EF2D5DA94C00173F0A /* Build configuration list for PBXProject "ttb-Interview" */;
			developmentRegion = en;
			hasScannedForEncodings = 0;
			knownRegions = (
				en,
				Base,
			);
			mainGroup = AF6612EB2D5DA94C00173F0A;
			minimizedProjectReferenceProxies = 1;
			preferredProjectObjectVersion = 77;
			productRefGroup = AF6612F52D5DA94C00173F0A /* Products */;
			projectDirPath = "";
			projectRoot = "";
			targets = (
				AF6612F32D5DA94C00173F0A /* ttb-Interview */,
				AF6613092D5DA94E00173F0A /* ttb-InterviewTests */,
				AF6613132D5DA94E00173F0A /* ttb-InterviewUITests */,
			);
		};
/* End PBXProject section */

/* Begin PBXResourcesBuildPhase section */
		AF6612F22D5DA94C00173F0A /* Resources */ = {
			isa = PBXResourcesBuildPhase;
			buildActionMask = 2147483647;
			files = (
			);
			runOnlyForDeploymentPostprocessing = 0;
		};
		AF6613082D5DA94E00173F0A /* Resources */ = {
			isa = PBXResourcesBuildPhase;
			buildActionMask = 2147483647;
			files = (
			);
			runOnlyForDeploymentPostprocessing = 0;
		};
		AF6613122D5DA94E00173F0A /* Resources */ = {
			isa = PBXResourcesBuildPhase;
			buildActionMask = 2147483647;
			files = (
			);
			runOnlyForDeploymentPostprocessing = 0;
		};
/* End PBXResourcesBuildPhase section */

/* Begin PBXSourcesBuildPhase section */
		AF6612F02D5DA94C00173F0A /* Sources */ = {
			isa = PBXSourcesBuildPhase;
			buildActionMask = 2147483647;
			files = (
			);
			runOnlyForDeploymentPostprocessing = 0;
		};
		AF6613062D5DA94E00173F0A /* Sources */ = {
			isa = PBXSourcesBuildPhase;
			buildActionMask = 2147483647;
			files = (
			);
			runOnlyForDeploymentPostprocessing = 0;
		};
		AF6613102D5DA94E00173F0A /* Sources */ = {
			isa = PBXSourcesBuildPhase;
			buildActionMask = 2147483647;
			files = (
			);
			runOnlyForDeploymentPostprocessing = 0;
		};
/* End PBXSourcesBuildPhase section */

/* Begin PBXTargetDependency section */
		AF66130C2D5DA94E00173F0A /* PBXTargetDependency */ = {
			isa = PBXTargetDependency;
			target = AF6612F32D5DA94C00173F0A /* ttb-Interview */;
			targetProxy = AF66130B2D5DA94E00173F0A /* PBXContainerItemProxy */;
		};
		AF6613162D5DA94E00173F0A /* PBXTargetDependency */ = {
			isa = PBXTargetDependency;
			target = AF6612F32D5DA94C00173F0A /* ttb-Interview */;
			targetProxy = AF6613152D5DA94E00173F0A /* PBXContainerItemProxy */;
		};
/* End PBXTargetDependency section */

/* Begin XCBuildConfiguration section */
		AF66131E2D5DA94E00173F0A /* Debug */ = {
			isa = XCBuildConfiguration;
			buildSettings = {
				ASSETCATALOG_COMPILER_APPICON_NAME = AppIcon;
				ASSETCATALOG_COMPILER_GLOBAL_ACCENT_COLOR_NAME = AccentColor;
				CODE_SIGN_STYLE = Automatic;
				CURRENT_PROJECT_VERSION = 1;
				GENERATE_INFOPLIST_FILE = YES;
				INFOPLIST_FILE = "ttb-Interview/Info.plist";
				INFOPLIST_KEY_UIApplicationSupportsIndirectInputEvents = YES;
				INFOPLIST_KEY_UILaunchStoryboardName = LaunchScreen;
				INFOPLIST_KEY_UIMainStoryboardFile = Home;
				INFOPLIST_KEY_UISupportedInterfaceOrientations = UIInterfaceOrientationPortrait;
				INFOPLIST_KEY_UISupportedInterfaceOrientations_iPad = "UIInterfaceOrientationLandscapeRight UIInterfaceOrientationPortrait";
				IPHONEOS_DEPLOYMENT_TARGET = 13;
				LD_RUNPATH_SEARCH_PATHS = (
					"$(inherited)",
					"@executable_path/Frameworks",
				);
				MARKETING_VERSION = 1.0;
				PRODUCT_BUNDLE_IDENTIFIER = "com.ttb-Interview";
				PRODUCT_NAME = "$(TARGET_NAME)";
				SWIFT_EMIT_LOC_STRINGS = YES;
				SWIFT_VERSION = 5.0;
				TARGETED_DEVICE_FAMILY = "1,2";
			};
			name = Debug;
		};
		AF66131F2D5DA94E00173F0A /* Release */ = {
			isa = XCBuildConfiguration;
			buildSettings = {
				ASSETCATALOG_COMPILER_APPICON_NAME = AppIcon;
				ASSETCATALOG_COMPILER_GLOBAL_ACCENT_COLOR_NAME = AccentColor;
				CODE_SIGN_STYLE = Automatic;
				CURRENT_PROJECT_VERSION = 1;
				GENERATE_INFOPLIST_FILE = YES;
				INFOPLIST_FILE = "ttb-Interview/Info.plist";
				INFOPLIST_KEY_UIApplicationSupportsIndirectInputEvents = YES;
				INFOPLIST_KEY_UILaunchStoryboardName = LaunchScreen;
				INFOPLIST_KEY_UIMainStoryboardFile = Home;
				INFOPLIST_KEY_UISupportedInterfaceOrientations = UIInterfaceOrientationPortrait;
				INFOPLIST_KEY_UISupportedInterfaceOrientations_iPad = "UIInterfaceOrientationLandscapeRight UIInterfaceOrientationPortrait";
				IPHONEOS_DEPLOYMENT_TARGET = 13.0;
				LD_RUNPATH_SEARCH_PATHS = (
					"$(inherited)",
					"@executable_path/Frameworks",
				);
				MARKETING_VERSION = 1.0;
				PRODUCT_BUNDLE_IDENTIFIER = "com.ttb-Interview";
				PRODUCT_NAME = "$(TARGET_NAME)";
				SWIFT_EMIT_LOC_STRINGS = YES;
				SWIFT_VERSION = 5.0;
				TARGETED_DEVICE_FAMILY = "1,2";
			};
			name = Release;
		};
		AF6613202D5DA94E00173F0A /* Debug */ = {
			isa = XCBuildConfiguration;
			buildSettings = {
				ALWAYS_SEARCH_USER_PATHS = NO;
				ASSETCATALOG_COMPILER_GENERATE_SWIFT_ASSET_SYMBOL_EXTENSIONS = YES;
				CLANG_ANALYZER_NONNULL = YES;
				CLANG_ANALYZER_NUMBER_OBJECT_CONVERSION = YES_AGGRESSIVE;
				CLANG_CXX_LANGUAGE_STANDARD = "gnu++20";
				CLANG_ENABLE_MODULES = YES;
				CLANG_ENABLE_OBJC_ARC = YES;
				CLANG_ENABLE_OBJC_WEAK = YES;
				CLANG_WARN_BLOCK_CAPTURE_AUTORELEASING = YES;
				CLANG_WARN_BOOL_CONVERSION = YES;
				CLANG_WARN_COMMA = YES;
				CLANG_WARN_CONSTANT_CONVERSION = YES;
				CLANG_WARN_DEPRECATED_OBJC_IMPLEMENTATIONS = YES;
				CLANG_WARN_DIRECT_OBJC_ISA_USAGE = YES_ERROR;
				CLANG_WARN_DOCUMENTATION_COMMENTS = YES;
				CLANG_WARN_EMPTY_BODY = YES;
				CLANG_WARN_ENUM_CONVERSION = YES;
				CLANG_WARN_INFINITE_RECURSION = YES;
				CLANG_WARN_INT_CONVERSION = YES;
				CLANG_WARN_NON_LITERAL_NULL_CONVERSION = YES;
				CLANG_WARN_OBJC_IMPLICIT_RETAIN_SELF = YES;
				CLANG_WARN_OBJC_LITERAL_CONVERSION = YES;
				CLANG_WARN_OBJC_ROOT_CLASS = YES_ERROR;
				CLANG_WARN_QUOTED_INCLUDE_IN_FRAMEWORK_HEADER = YES;
				CLANG_WARN_RANGE_LOOP_ANALYSIS = YES;
				CLANG_WARN_STRICT_PROTOTYPES = YES;
				CLANG_WARN_SUSPICIOUS_MOVE = YES;
				CLANG_WARN_UNGUARDED_AVAILABILITY = YES_AGGRESSIVE;
				CLANG_WARN_UNREACHABLE_CODE = YES;
				CLANG_WARN__DUPLICATE_METHOD_MATCH = YES;
				COPY_PHASE_STRIP = NO;
				DEBUG_INFORMATION_FORMAT = dwarf;
				ENABLE_STRICT_OBJC_MSGSEND = YES;
				ENABLE_TESTABILITY = YES;
				ENABLE_USER_SCRIPT_SANDBOXING = YES;
				GCC_C_LANGUAGE_STANDARD = gnu17;
				GCC_DYNAMIC_NO_PIC = NO;
				GCC_NO_COMMON_BLOCKS = YES;
				GCC_OPTIMIZATION_LEVEL = 0;
				GCC_PREPROCESSOR_DEFINITIONS = (
					"DEBUG=1",
					"$(inherited)",
				);
				GCC_WARN_64_TO_32_BIT_CONVERSION = YES;
				GCC_WARN_ABOUT_RETURN_TYPE = YES_ERROR;
				GCC_WARN_UNDECLARED_SELECTOR = YES;
				GCC_WARN_UNINITIALIZED_AUTOS = YES_AGGRESSIVE;
				GCC_WARN_UNUSED_FUNCTION = YES;
				GCC_WARN_UNUSED_VARIABLE = YES;
				IPHONEOS_DEPLOYMENT_TARGET = 18.2;
				LOCALIZATION_PREFERS_STRING_CATALOGS = YES;
				MTL_ENABLE_DEBUG_INFO = INCLUDE_SOURCE;
				MTL_FAST_MATH = YES;
				ONLY_ACTIVE_ARCH = YES;
				SDKROOT = iphoneos;
				SWIFT_ACTIVE_COMPILATION_CONDITIONS = "DEBUG $(inherited)";
				SWIFT_OPTIMIZATION_LEVEL = "-Onone";
			};
			name = Debug;
		};
		AF6613212D5DA94E00173F0A /* Release */ = {
			isa = XCBuildConfiguration;
			buildSettings = {
				ALWAYS_SEARCH_USER_PATHS = NO;
				ASSETCATALOG_COMPILER_GENERATE_SWIFT_ASSET_SYMBOL_EXTENSIONS = YES;
				CLANG_ANALYZER_NONNULL = YES;
				CLANG_ANALYZER_NUMBER_OBJECT_CONVERSION = YES_AGGRESSIVE;
				CLANG_CXX_LANGUAGE_STANDARD = "gnu++20";
				CLANG_ENABLE_MODULES = YES;
				CLANG_ENABLE_OBJC_ARC = YES;
				CLANG_ENABLE_OBJC_WEAK = YES;
				CLANG_WARN_BLOCK_CAPTURE_AUTORELEASING = YES;
				CLANG_WARN_BOOL_CONVERSION = YES;
				CLANG_WARN_COMMA = YES;
				CLANG_WARN_CONSTANT_CONVERSION = YES;
				CLANG_WARN_DEPRECATED_OBJC_IMPLEMENTATIONS = YES;
				CLANG_WARN_DIRECT_OBJC_ISA_USAGE = YES_ERROR;
				CLANG_WARN_DOCUMENTATION_COMMENTS = YES;
				CLANG_WARN_EMPTY_BODY = YES;
				CLANG_WARN_ENUM_CONVERSION = YES;
				CLANG_WARN_INFINITE_RECURSION = YES;
				CLANG_WARN_INT_CONVERSION = YES;
				CLANG_WARN_NON_LITERAL_NULL_CONVERSION = YES;
				CLANG_WARN_OBJC_IMPLICIT_RETAIN_SELF = YES;
				CLANG_WARN_OBJC_LITERAL_CONVERSION = YES;
				CLANG_WARN_OBJC_ROOT_CLASS = YES_ERROR;
				CLANG_WARN_QUOTED_INCLUDE_IN_FRAMEWORK_HEADER = YES;
				CLANG_WARN_RANGE_LOOP_ANALYSIS = YES;
				CLANG_WARN_STRICT_PROTOTYPES = YES;
				CLANG_WARN_SUSPICIOUS_MOVE = YES;
				CLANG_WARN_UNGUARDED_AVAILABILITY = YES_AGGRESSIVE;
				CLANG_WARN_UNREACHABLE_CODE = YES;
				CLANG_WARN__DUPLICATE_METHOD_MATCH = YES;
				COPY_PHASE_STRIP = NO;
				DEBUG_INFORMATION_FORMAT = "dwarf-with-dsym";
				ENABLE_NS_ASSERTIONS = NO;
				ENABLE_STRICT_OBJC_MSGSEND = YES;
				ENABLE_USER_SCRIPT_SANDBOXING = YES;
				GCC_C_LANGUAGE_STANDARD = gnu17;
				GCC_NO_COMMON_BLOCKS = YES;
				GCC_WARN_64_TO_32_BIT_CONVERSION = YES;
				GCC_WARN_ABOUT_RETURN_TYPE = YES_ERROR;
				GCC_WARN_UNDECLARED_SELECTOR = YES;
				GCC_WARN_UNINITIALIZED_AUTOS = YES_AGGRESSIVE;
				GCC_WARN_UNUSED_FUNCTION = YES;
				GCC_WARN_UNUSED_VARIABLE = YES;
				IPHONEOS_DEPLOYMENT_TARGET = 18.2;
				LOCALIZATION_PREFERS_STRING_CATALOGS = YES;
				MTL_ENABLE_DEBUG_INFO = NO;
				MTL_FAST_MATH = YES;
				SDKROOT = iphoneos;
				SWIFT_COMPILATION_MODE = wholemodule;
				VALIDATE_PRODUCT = YES;
			};
			name = Release;
		};
		AF6613232D5DA94E00173F0A /* Debug */ = {
			isa = XCBuildConfiguration;
			buildSettings = {
				BUNDLE_LOADER = "$(TEST_HOST)";
				CODE_SIGN_STYLE = Automatic;
				CURRENT_PROJECT_VERSION = 1;
				GENERATE_INFOPLIST_FILE = YES;
				IPHONEOS_DEPLOYMENT_TARGET = 18.2;
				MARKETING_VERSION = 1.0;
				PRODUCT_BUNDLE_IDENTIFIER = "com.ttb-InterviewTests";
				PRODUCT_NAME = "$(TARGET_NAME)";
				SWIFT_EMIT_LOC_STRINGS = NO;
				SWIFT_VERSION = 5.0;
				TARGETED_DEVICE_FAMILY = "1,2";
				TEST_HOST = "$(BUILT_PRODUCTS_DIR)/ttb-Interview.app/$(BUNDLE_EXECUTABLE_FOLDER_PATH)/ttb-Interview";
			};
			name = Debug;
		};
		AF6613242D5DA94E00173F0A /* Release */ = {
			isa = XCBuildConfiguration;
			buildSettings = {
				BUNDLE_LOADER = "$(TEST_HOST)";
				CODE_SIGN_STYLE = Automatic;
				CURRENT_PROJECT_VERSION = 1;
				GENERATE_INFOPLIST_FILE = YES;
				IPHONEOS_DEPLOYMENT_TARGET = 18.2;
				MARKETING_VERSION = 1.0;
				PRODUCT_BUNDLE_IDENTIFIER = "com.ttb-InterviewTests";
				PRODUCT_NAME = "$(TARGET_NAME)";
				SWIFT_EMIT_LOC_STRINGS = NO;
				SWIFT_VERSION = 5.0;
				TARGETED_DEVICE_FAMILY = "1,2";
				TEST_HOST = "$(BUILT_PRODUCTS_DIR)/ttb-Interview.app/$(BUNDLE_EXECUTABLE_FOLDER_PATH)/ttb-Interview";
			};
			name = Release;
		};
		AF6613262D5DA94E00173F0A /* Debug */ = {
			isa = XCBuildConfiguration;
			buildSettings = {
				CODE_SIGN_STYLE = Automatic;
				CURRENT_PROJECT_VERSION = 1;
				GENERATE_INFOPLIST_FILE = YES;
				MARKETING_VERSION = 1.0;
				PRODUCT_BUNDLE_IDENTIFIER = "com.ttb-InterviewUITests";
				PRODUCT_NAME = "$(TARGET_NAME)";
				SWIFT_EMIT_LOC_STRINGS = NO;
				SWIFT_VERSION = 5.0;
				TARGETED_DEVICE_FAMILY = "1,2";
				TEST_TARGET_NAME = "ttb-Interview";
			};
			name = Debug;
		};
		AF6613272D5DA94E00173F0A /* Release */ = {
			isa = XCBuildConfiguration;
			buildSettings = {
				CODE_SIGN_STYLE = Automatic;
				CURRENT_PROJECT_VERSION = 1;
				GENERATE_INFOPLIST_FILE = YES;
				MARKETING_VERSION = 1.0;
				PRODUCT_BUNDLE_IDENTIFIER = "com.ttb-InterviewUITests";
				PRODUCT_NAME = "$(TARGET_NAME)";
				SWIFT_EMIT_LOC_STRINGS = NO;
				SWIFT_VERSION = 5.0;
				TARGETED_DEVICE_FAMILY = "1,2";
				TEST_TARGET_NAME = "ttb-Interview";
			};
			name = Release;
		};
/* End XCBuildConfiguration section */

/* Begin XCConfigurationList section */
		AF6612EF2D5DA94C00173F0A /* Build configuration list for PBXProject "ttb-Interview" */ = {
			isa = XCConfigurationList;
			buildConfigurations = (
				AF6613202D5DA94E00173F0A /* Debug */,
				AF6613212D5DA94E00173F0A /* Release */,
			);
			defaultConfigurationIsVisible = 0;
			defaultConfigurationName = Release;
		};
		AF66131D2D5DA94E00173F0A /* Build configuration list for PBXNativeTarget "ttb-Interview" */ = {
			isa = XCConfigurationList;
			buildConfigurations = (
				AF66131E2D5DA94E00173F0A /* Debug */,
				AF66131F2D5DA94E00173F0A /* Release */,
			);
			defaultConfigurationIsVisible = 0;
			defaultConfigurationName = Release;
		};
		AF6613222D5DA94E00173F0A /* Build configuration list for PBXNativeTarget "ttb-InterviewTests" */ = {
			isa = XCConfigurationList;
			buildConfigurations = (
				AF6613232D5DA94E00173F0A /* Debug */,
				AF6613242D5DA94E00173F0A /* Release */,
			);
			defaultConfigurationIsVisible = 0;
			defaultConfigurationName = Release;
		};
		AF6613252D5DA94E00173F0A /* Build configuration list for PBXNativeTarget "ttb-InterviewUITests" */ = {
			isa = XCConfigurationList;
			buildConfigurations = (
				AF6613262D5DA94E00173F0A /* Debug */,
				AF6613272D5DA94E00173F0A /* Release */,
			);
			defaultConfigurationIsVisible = 0;
			defaultConfigurationName = Release;
		};
/* End XCConfigurationList section */
	};
	rootObject = AF6612EC2D5DA94C00173F0A /* Project object */;
}
